# versions.lock — 실행 판본 고정
#
# A(§6.1)·P(§8.1)가 `versions_lock_digest` 를 증거 레코드의 필수 항목으로 규정하는데
# 정작 이 파일이 저장소에 없었다(2026-08-27 리뷰에서 확인 — 17개 문서가 참조, 실물 0).
# 이 파일이 없으면 "어느 판본에서 잰 값인가" 를 답할 수 없고, 그러면 어떤 측정도
# 규범 근거가 되지 못한다.
#
# **UNSET 은 빈칸이 아니라 판정이다.** 채우지 않은 항목이 있으면 그 항목에 의존하는
# 측정은 미확정으로 남는다. 값을 지어내지 말고, 실제로 쓴 것을 적어라.
#
# 채우는 법은 각 항목의 verify 줄에 있다. 실행 후 반드시 실측값으로 갱신한다.

schema_version: "1.0.0"
profile: SANDBOX_CONTAINER   # LOCAL_WSL | CORP_POC | SANDBOX_CONTAINER
                        # 2026-08-27 S1~S3 회차. **로컬 WSL2 회차가 아니다** — Oracle 없는
                        # 일회성 원격 컨테이너다. WSL2 에서 돌릴 때 이 파일을 덮어쓴다.

runtime:
  jdk:
    version: "21.0.10"  # OpenJDK 21.0.10+7-Ubuntu-124.04
    vendor: "Ubuntu OpenJDK"
    target_release: 17  # build.sh 의 --release. 산출 바이트코드 major=61 실측
    verify: "java -version 2>&1 | head -1"
    note: "빌드 JDK 가 Spark 실행 JVM 보다 높으면 ServiceLoader 가 조용히 실패한다.
           build.sh 는 --release 로 바이트코드 레벨을 맞춰야 한다."
  spark:
    version: "4.2.0"
    scala: "2.13.18"    # 2.12·2.13 양쪽에서 같은 Java 소스가 컴파일됐다(아래 also_built)
    distribution: "spark-4.2.0-bin-hadoop3"
    tarball_sha512: "3a6559e8546ff387db8fe7a04b8fe4008853b467b972c2e343df8e14a81450534777719fc5d4998dd96519a86fdf9de140cee753c61e2e94db044d5f9555ddc4"
    also_built:       # S2·S3 를 같은 소스로 통과시킨 판본. 사내 판본이 정해지면 이 줄이 근거가 된다
      - "spark-3.5.9-bin-hadoop3 (Scala 2.12.18)"
      - "spark-3.5.9-bin-hadoop3-scala2.13 (Scala 2.13.8)"
    verify: "$SPARK_HOME/bin/spark-submit --version"
  python:
    version: "3.11.15"
    verify: "python3 -V"
    packages:
      oracledb: NOT_INSTALLED   # 이 회차는 Oracle 에 붙지 않는다(서버 없음)
      jsonschema: UNSET # 4.x 필요. 3.x 는 Draft 2020-12 미지원이라 suite 가 통과하지 못한다
                        # (S5 이후에 필요. 이 회차에서는 쓰이지 않았다)
      pyspark: BUNDLED  # spark-submit 이 $SPARK_HOME/python 을 PYTHONPATH 에 넣는다.
                        # 별도 설치 불필요를 S3 에서 실측 확인
      verify: "python3 -m pip list --format=freeze | grep -Ei 'oracledb|jsonschema|pyspark'"

oracle:
  server_version: UNSET     # 예: 19.21.0.0 — g0-0a 의 ver.product_component 실측값을 적는다
  edition: UNSET            # 예: EE | XE | FREE
  database_role: UNSET      # PRIMARY | PHYSICAL STANDBY
  data_guard: UNSET         # true | false — XE/FREE 는 지원하지 않는다(확인 필요)
  characterset: UNSET       # g0-0a 의 nls.characterset 실측값
  ojdbc:
    artifact: "ojdbc11-23.9.0.25.07.jar"   # Maven Central. MANIFEST Implementation-Version 실측 일치
    sha256: "f52e9335276cd3999c23bb5a364fa01a628f3468945444d03cb7f92271bca1da"
    verify: "unzip -p $OJDBC_JAR META-INF/MANIFEST.MF | grep -i implementation-version"
  sqlplus:
    version: UNSET          # G0-0A·C00 실행에 필요
    source: UNSET           # instantclient 패키지명·반입 경로

platform:                   # 아직 세우지 않았다면 UNSET 그대로 둔다
  dagster: UNSET
  iceberg: UNSET
  polaris: UNSET
  postgres: UNSET
  object_store: UNSET       # 예: MinIO RELEASE.xxxx

# 이 lock 으로 얻은 증거를 어디에 묶는가
evidence_binding:
  rule: "모든 G0-0 증거 레코드는 이 파일의 sha256 을 versions_lock_digest 로 함께 기록한다.
         lock 이 바뀌면 이전 증거는 그 판본의 것이며, 새 판본의 근거로 재사용하지 않는다."
  digest_cmd: "sha256sum versions.lock"
